{
  "name": "bl",
  "version": "1.0.0",
  "lockfileVersion": 2,
  "requires": true,
  "packages": {
    "": {
      "name": "bl",
      "version": "1.0.0",
      "license": "ISC",
      "dependencies": {
        "article-parser": "^6.0.0",
        "fs-extra": "^10.1.0",
        "md5": "^2.3.0",
        "upath": "^2.0.1"
      },
      "devDependencies": {
        "@types/md5": "^2.3.2"
      }
    },
    "node_modules/@mozilla/readability": {
      "version": "0.4.2",
      "resolved": "https://registry.npmjs.org/@mozilla/readability/-/readability-0.4.2.tgz",
      "integrity": "sha512-48MJXzi4Dhy2fJ3lGjmwdEJKoMmn3oiYew9n/1OW6cZy78hAzRIyDJDBCGrg4PBFDyY4xos+H4LCFn5QVRDcfw==",
      "engines": {
        "node": ">=10.0.0"
      }
    },
    "node_modules/@types/md5": {
      "version": "2.3.2",
      "resolved": "https://registry.npmjs.org/@types/md5/-/md5-2.3.2.tgz",
      "integrity": "sha512-v+JFDu96+UYJ3/UWzB0mEglIS//MZXgRaJ4ubUPwOM0gvLc/kcQ3TWNYwENEK7/EcXGQVrW8h/XqednSjBd/Og==",
      "dev": true
    },
    "node_modules/arrayiffy-if-string": {
      "version": "4.0.13",
      "resolved": "https://registry.npmjs.org/arrayiffy-if-string/-/arrayiffy-if-string-4.0.13.tgz",
      "integrity": "sha512-A/ur/GVO/e0eOuC+Em+TdfXthusMiQC0sa9IG4W9w1nfiEjh/tKu+sUBOgQ3bniwNaLr5okf0tQyhPTwiYYyNQ==",
      "engines": {
        "node": "^12.20.0 || ^14.13.1 || >=16.0.0"
      }
    },
    "node_modules/article-parser": {
      "version": "6.0.0",
      "resolved": "https://registry.npmjs.org/article-parser/-/article-parser-6.0.0.tgz",
      "integrity": "sha512-GB/O0WlPevk/AJta2j1imCKomM4nNU6Qtxi+w5Sf2ng9aaxpBRPk+mt8UhhU16vIxV3998nvrZruw8zBoYSGNA==",
      "dependencies": {
        "@mozilla/readability": "^0.4.2",
        "axios": "^0.26.1",
        "bellajs": "^11.0.2",
        "debug": "^4.3.4",
        "html-crush": "^5.0.12",
        "linkedom": "^0.14.5",
        "sanitize-html": "^2.7.0",
        "string-comparison": "^1.1.0",
        "urlpattern-polyfill": "^4.0.2"
      },
      "engines": {
        "node": ">= 14"
      }
    },
    "node_modules/axios": {
      "version": "0.26.1",
      "resolved": "https://registry.npmjs.org/axios/-/axios-0.26.1.tgz",
      "integrity": "sha512-fPwcX4EvnSHuInCMItEhAGnaSEXRBjtzh9fOtsE6E1G6p7vl7edEeZe11QHf18+6+9gR5PbKV/sGKNaD8YaMeA==",
      "dependencies": {
        "follow-redirects": "^1.14.8"
      }
    },
    "node_modules/bellajs": {
      "version": "11.0.2",
      "resolved": "https://registry.npmjs.org/bellajs/-/bellajs-11.0.2.tgz",
      "integrity": "sha512-XjyF3Ypi40AIh2PtPYgzmKrKIk4EDh6OPIcgZv653vBUiKPQ5PkrTSU1bNUW7YBYabufqS2ajv4o6xGJJaSmWw==",
      "engines": {
        "node": ">= 14"
      }
    },
    "node_modules/boolbase": {
      "version": "1.0.0",
      "resolved": "https://registry.npmjs.org/boolbase/-/boolbase-1.0.0.tgz",
      "integrity": "sha1-aN/1++YMUes3cl6p4+0xDcwed24="
    },
    "node_modules/charenc": {
      "version": "0.0.2",
      "resolved": "https://registry.npmjs.org/charenc/-/charenc-0.0.2.tgz",
      "integrity": "sha1-wKHS86cJLgN3S/qD8UwPxXkKhmc=",
      "engines": {
        "node": "*"
      }
    },
    "node_modules/crypt": {
      "version": "0.0.2",
      "resolved": "https://registry.npmjs.org/crypt/-/crypt-0.0.2.tgz",
      "integrity": "sha1-iNf/fsDfuG9xPch7u0LQRNPmxBs=",
      "engines": {
        "node": "*"
      }
    },
    "node_modules/css-select": {
      "version": "4.3.0",
      "resolved": "https://registry.npmjs.org/css-select/-/css-select-4.3.0.tgz",
      "integrity": "sha512-wPpOYtnsVontu2mODhA19JrqWxNsfdatRKd64kmpRbQgh1KtItko5sTnEpPdpSaJszTOhEMlF/RPz28qj4HqhQ==",
      "dependencies": {
        "boolbase": "^1.0.0",
        "css-what": "^6.0.1",
        "domhandler": "^4.3.1",
        "domutils": "^2.8.0",
        "nth-check": "^2.0.1"
      },
      "funding": {
        "url": "https://github.com/sponsors/fb55"
      }
    },
    "node_modules/css-what": {
      "version": "6.1.0",
      "resolved": "https://registry.npmjs.org/css-what/-/css-what-6.1.0.tgz",
      "integrity": "sha512-HTUrgRJ7r4dsZKU6GjmpfRK1O76h97Z8MfS1G0FozR+oF2kG6Vfe8JE6zwrkbxigziPHinCJ+gCPjA9EaBDtRw==",
      "engines": {
        "node": ">= 6"
      },
      "funding": {
        "url": "https://github.com/sponsors/fb55"
      }
    },
    "node_modules/cssom": {
      "version": "0.5.0",
      "resolved": "https://registry.npmjs.org/cssom/-/cssom-0.5.0.tgz",
      "integrity": "sha512-iKuQcq+NdHqlAcwUY0o/HL69XQrUaQdMjmStJ8JFmUaiiQErlhrmuigkg/CU4E2J0IyUKUrMAgl36TvN67MqTw=="
    },
    "node_modules/debug": {
      "version": "4.3.4",
      "resolved": "https://registry.npmjs.org/debug/-/debug-4.3.4.tgz",
      "integrity": "sha512-PRWFHuSU3eDtQJPvnNY7Jcket1j0t5OuOsFzPPzsekD52Zl8qUfFIPEiswXqIvHWGVHOgX+7G/vCNNhehwxfkQ==",
      "dependencies": {
        "ms": "2.1.2"
      },
      "engines": {
        "node": ">=6.0"
      },
      "peerDependenciesMeta": {
        "supports-color": {
          "optional": true
        }
      }
    },
    "node_modules/deepmerge": {
      "version": "4.2.2",
      "resolved": "https://registry.npmjs.org/deepmerge/-/deepmerge-4.2.2.tgz",
      "integrity": "sha512-FJ3UgI4gIl+PHZm53knsuSFpE+nESMr7M4v9QcgB7S63Kj/6WqMiFQJpBBYz1Pt+66bZpP3Q7Lye0Oo9MPKEdg==",
      "engines": {
        "node": ">=0.10.0"
      }
    },
    "node_modules/dom-serializer": {
      "version": "1.4.1",
      "resolved": "https://registry.npmjs.org/dom-serializer/-/dom-serializer-1.4.1.tgz",
      "integrity": "sha512-VHwB3KfrcOOkelEG2ZOfxqLZdfkil8PtJi4P8N2MMXucZq2yLp75ClViUlOVwyoHEDjYU433Aq+5zWP61+RGag==",
      "dependencies": {
        "domelementtype": "^2.0.1",
        "domhandler": "^4.2.0",
        "entities": "^2.0.0"
      },
      "funding": {
        "url": "https://github.com/cheeriojs/dom-serializer?sponsor=1"
      }
    },
    "node_modules/domelementtype": {
      "version": "2.3.0",
      "resolved": "https://registry.npmjs.org/domelementtype/-/domelementtype-2.3.0.tgz",
      "integrity": "sha512-OLETBj6w0OsagBwdXnPdN0cnMfF9opN69co+7ZrbfPGrdpPVNBUj02spi6B1N7wChLQiPn4CSH/zJvXw56gmHw==",
      "funding": [
        {
          "type": "github",
          "url": "https://github.com/sponsors/fb55"
        }
      ]
    },
    "node_modules/domhandler": {
      "version": "4.3.1",
      "resolved": "https://registry.npmjs.org/domhandler/-/domhandler-4.3.1.tgz",
      "integrity": "sha512-GrwoxYN+uWlzO8uhUXRl0P+kHE4GtVPfYzVLcUxPL7KNdHKj66vvlhiweIHqYYXWlw+T8iLMp42Lm67ghw4WMQ==",
      "dependencies": {
        "domelementtype": "^2.2.0"
      },
      "engines": {
        "node": ">= 4"
      },
      "funding": {
        "url": "https://github.com/fb55/domhandler?sponsor=1"
      }
    },
    "node_modules/domutils": {
      "version": "2.8.0",
      "resolved": "https://registry.npmjs.org/domutils/-/domutils-2.8.0.tgz",
      "integrity": "sha512-w96Cjofp72M5IIhpjgobBimYEfoPjx1Vx0BSX9P30WBdZW2WIKU0T1Bd0kz2eNZ9ikjKgHbEyKx8BB6H1L3h3A==",
      "dependencies": {
        "dom-serializer": "^1.0.1",
        "domelementtype": "^2.2.0",
        "domhandler": "^4.2.0"
      },
      "funding": {
        "url": "https://github.com/fb55/domutils?sponsor=1"
      }
    },
    "node_modules/entities": {
      "version": "2.2.0",
      "resolved": "https://registry.npmjs.org/entities/-/entities-2.2.0.tgz",
      "integrity": "sha512-p92if5Nz619I0w+akJrLZH0MX0Pb5DX39XOwQTtXSdQQOaYH03S1uIQp4mhOZtAXrxq4ViO67YTiLBo2638o9A==",
      "funding": {
        "url": "https://github.com/fb55/entities?sponsor=1"
      }
    },
    "node_modules/escape-string-regexp": {
      "version": "4.0.0",
      "resolved": "https://registry.npmjs.org/escape-string-regexp/-/escape-string-regexp-4.0.0.tgz",
      "integrity": "sha512-TtpcNJ3XAzx3Gq8sWRzJaVajRs0uVxA2YAkdb1jm2YkPz4G6egUFAyA3n5vtEIZefPk5Wa4UXbKuS5fKkJWdgA==",
      "engines": {
        "node": ">=10"
      },
      "funding": {
        "url": "https://github.com/sponsors/sindresorhus"
      }
    },
    "node_modules/follow-redirects": {
      "version": "1.14.9",
      "resolved": "https://registry.npmjs.org/follow-redirects/-/follow-redirects-1.14.9.tgz",
      "integrity": "sha512-MQDfihBQYMcyy5dhRDJUHcw7lb2Pv/TuE6xP1vyraLukNDHKbDxDNaOE3NbCAdKQApno+GPRyo1YAp89yCjK4w==",
      "funding": [
        {
          "type": "individual",
          "url": "https://github.com/sponsors/RubenVerborgh"
        }
      ],
      "engines": {
        "node": ">=4.0"
      },
      "peerDependenciesMeta": {
        "debug": {
          "optional": true
        }
      }
    },
    "node_modules/fs-extra": {
      "version": "10.1.0",
      "resolved": "https://registry.npmjs.org/fs-extra/-/fs-extra-10.1.0.tgz",
      "integrity": "sha512-oRXApq54ETRj4eMiFzGnHWGy+zo5raudjuxN0b8H7s/RU2oW0Wvsx9O0ACRN/kRq9E8Vu/ReskGB5o3ji+FzHQ==",
      "dependencies": {
        "graceful-fs": "^4.2.0",
        "jsonfile": "^6.0.1",
        "universalify": "^2.0.0"
      },
      "engines": {
        "node": ">=12"
      }
    },
    "node_modules/graceful-fs": {
      "version": "4.2.10",
      "resolved": "https://registry.npmjs.org/graceful-fs/-/graceful-fs-4.2.10.tgz",
      "integrity": "sha512-9ByhssR2fPVsNZj478qUUbKfmL0+t5BDVyjShtyZZLiK7ZDAArFFfopyOTj0M05wE2tJPisA4iTnnXl2YoPvOA=="
    },
    "node_modules/html-crush": {
      "version": "5.0.16",
      "resolved": "https://registry.npmjs.org/html-crush/-/html-crush-5.0.16.tgz",
      "integrity": "sha512-kAWYdBehMy0mpuCm5i6LrKD6dNExxt4ROvT+fiAw5125xmqtfxOXQkAZnGdiXi0EWyQgblKmeRvDEEp3KzvQog==",
      "dependencies": {
        "ranges-apply": "^6.1.2",
        "ranges-push": "^6.1.2",
        "string-left-right": "^5.0.13",
        "string-match-left-right": "^8.1.2",
        "string-range-expander": "^3.0.13",
        "test-mixer": "^3.0.13"
      },
      "engines": {
        "node": "^12.20.0 || ^14.13.1 || >=16.0.0"
      }
    },
    "node_modules/html-escaper": {
      "version": "3.0.3",
      "resolved": "https://registry.npmjs.org/html-escaper/-/html-escaper-3.0.3.tgz",
      "integrity": "sha512-RuMffC89BOWQoY0WKGpIhn5gX3iI54O6nRA0yC124NYVtzjmFWBIiFd8M0x+ZdX0P9R4lADg1mgP8C7PxGOWuQ=="
    },
    "node_modules/htmlparser2": {
      "version": "7.2.0",
      "resolved": "https://registry.npmjs.org/htmlparser2/-/htmlparser2-7.2.0.tgz",
      "integrity": "sha512-H7MImA4MS6cw7nbyURtLPO1Tms7C5H602LRETv95z1MxO/7CP7rDVROehUYeYBUYEON94NXXDEPmZuq+hX4sog==",
      "funding": [
        "https://github.com/fb55/htmlparser2?sponsor=1",
        {
          "type": "github",
          "url": "https://github.com/sponsors/fb55"
        }
      ],
      "dependencies": {
        "domelementtype": "^2.0.1",
        "domhandler": "^4.2.2",
        "domutils": "^2.8.0",
        "entities": "^3.0.1"
      }
    },
    "node_modules/htmlparser2/node_modules/entities": {
      "version": "3.0.1",
      "resolved": "https://registry.npmjs.org/entities/-/entities-3.0.1.tgz",
      "integrity": "sha512-WiyBqoomrwMdFG1e0kqvASYfnlb0lp8M5o5Fw2OFq1hNZxxcNk8Ik0Xm7LxzBhuidnZB/UtBqVCgUz3kBOP51Q==",
      "engines": {
        "node": ">=0.12"
      },
      "funding": {
        "url": "https://github.com/fb55/entities?sponsor=1"
      }
    },
    "node_modules/is-buffer": {
      "version": "1.1.6",
      "resolved": "https://registry.npmjs.org/is-buffer/-/is-buffer-1.1.6.tgz",
      "integrity": "sha512-NcdALwpXkTm5Zvvbk7owOUSvVvBKDgKP5/ewfXEznmQFfs4ZRmanOeKBTjRVjka3QFoN6XJ+9F3USqfHqTaU5w=="
    },
    "node_modules/is-plain-object": {
      "version": "5.0.0",
      "resolved": "https://registry.npmjs.org/is-plain-object/-/is-plain-object-5.0.0.tgz",
      "integrity": "sha512-VRSzKkbMm5jMDoKLbltAkFQ5Qr7VDiTFGXxYFXXowVj387GeGNOCsOH6Msy00SGZ3Fp84b1Naa1psqgcCIEP5Q==",
      "engines": {
        "node": ">=0.10.0"
      }
    },
    "node_modules/jsonfile": {
      "version": "6.1.0",
      "resolved": "https://registry.npmjs.org/jsonfile/-/jsonfile-6.1.0.tgz",
      "integrity": "sha512-5dgndWOriYSm5cnYaJNhalLNDKOqFwyDB/rr1E9ZsGciGvKPs8R2xYGCacuf3z6K1YKDz182fd+fY3cn3pMqXQ==",
      "dependencies": {
        "universalify": "^2.0.0"
      },
      "optionalDependencies": {
        "graceful-fs": "^4.1.6"
      }
    },
    "node_modules/linkedom": {
      "version": "0.14.7",
      "resolved": "https://registry.npmjs.org/linkedom/-/linkedom-0.14.7.tgz",
      "integrity": "sha512-3S0iNZDXWbKAqrtc0SU4UdhRDRm+8Fq1y15zAhcVnHWaGh+6Qnej9BF2wFJjpgdwrmF2E8nxb5axYSKLpMM3Pw==",
      "dependencies": {
        "css-select": "^4.3.0",
        "cssom": "^0.5.0",
        "html-escaper": "^3.0.3",
        "htmlparser2": "^7.2.0",
        "uhyphen": "^0.1.0"
      }
    },
    "node_modules/lodash.clonedeep": {
      "version": "4.5.0",
      "resolved": "https://registry.npmjs.org/lodash.clonedeep/-/lodash.clonedeep-4.5.0.tgz",
      "integrity": "sha1-4j8/nE+Pvd6HJSnBBxhXoIblzO8="
    },
    "node_modules/lodash.intersection": {
      "version": "4.4.0",
      "resolved": "https://registry.npmjs.org/lodash.intersection/-/lodash.intersection-4.4.0.tgz",
      "integrity": "sha1-ChG6Yx0OlcI8fy9Mu5ppLtF45wU="
    },
    "node_modules/lodash.isplainobject": {
      "version": "4.0.6",
      "resolved": "https://registry.npmjs.org/lodash.isplainobject/-/lodash.isplainobject-4.0.6.tgz",
      "integrity": "sha1-fFJqUtibRcRcxpC4gWO+BJf1UMs="
    },
    "node_modules/lodash.pull": {
      "version": "4.1.0",
      "resolved": "https://registry.npmjs.org/lodash.pull/-/lodash.pull-4.1.0.tgz",
      "integrity": "sha1-YAYMxr1iW01FZ+wn3EXNG+nuwBI="
    },
    "node_modules/md5": {
      "version": "2.3.0",
      "resolved": "https://registry.npmjs.org/md5/-/md5-2.3.0.tgz",
      "integrity": "sha512-T1GITYmFaKuO91vxyoQMFETst+O71VUPEU3ze5GNzDm0OWdP8v1ziTaAEPUr/3kLsY3Sftgz242A1SetQiDL7g==",
      "dependencies": {
        "charenc": "0.0.2",
        "crypt": "0.0.2",
        "is-buffer": "~1.1.6"
      }
    },
    "node_modules/ms": {
      "version": "2.1.2",
      "resolved": "https://registry.npmjs.org/ms/-/ms-2.1.2.tgz",
      "integrity": "sha512-sGkPx+VjMtmA6MX27oA4FBFELFCZZ4S4XqeGOXCv68tT+jb3vk/RyaKWP0PTKyWtmLSM0b+adUTEvbs1PEaH2w=="
    },
    "node_modules/nanoid": {
      "version": "3.3.3",
      "resolved": "https://registry.npmjs.org/nanoid/-/nanoid-3.3.3.tgz",
      "integrity": "sha512-p1sjXuopFs0xg+fPASzQ28agW1oHD7xDsd9Xkf3T15H3c/cifrFHVwrh74PdoklAPi+i7MdRsE47vm2r6JoB+w==",
      "bin": {
        "nanoid": "bin/nanoid.cjs"
      },
      "engines": {
        "node": "^10 || ^12 || ^13.7 || ^14 || >=15.0.1"
      }
    },
    "node_modules/nth-check": {
      "version": "2.0.1",
      "resolved": "https://registry.npmjs.org/nth-check/-/nth-check-2.0.1.tgz",
      "integrity": "sha512-it1vE95zF6dTT9lBsYbxvqh0Soy4SPowchj0UBGj/V6cTPnXXtQOPUbhZ6CmGzAD/rW22LQK6E96pcdJXk4A4w==",
      "dependencies": {
        "boolbase": "^1.0.0"
      },
      "funding": {
        "url": "https://github.com/fb55/nth-check?sponsor=1"
      }
    },
    "node_modules/object-boolean-combinations": {
      "version": "5.0.13",
      "resolved": "https://registry.npmjs.org/object-boolean-combinations/-/object-boolean-combinations-5.0.13.tgz",
      "integrity": "sha512-Bw0CnSKIWSOIKHd4nxYHmqtPiIQLzWkXt+1JogU6kP1/Y3KHXnW6ew4OP3kb3wpUTLimwRttdmxwd3kjLLgUCQ==",
      "dependencies": {
        "lodash.clonedeep": "^4.5.0",
        "lodash.intersection": "^4.4.0",
        "lodash.isplainobject": "^4.0.6",
        "lodash.pull": "^4.1.0"
      },
      "engines": {
        "node": "^12.20.0 || ^14.13.1 || >=16.0.0"
      }
    },
    "node_modules/parse-srcset": {
      "version": "1.0.2",
      "resolved": "https://registry.npmjs.org/parse-srcset/-/parse-srcset-1.0.2.tgz",
      "integrity": "sha1-8r0iH2zJcKk42IVWq8WJyqqiveE="
    },
    "node_modules/picocolors": {
      "version": "1.0.0",
      "resolved": "https://registry.npmjs.org/picocolors/-/picocolors-1.0.0.tgz",
      "integrity": "sha512-1fygroTLlHu66zi26VoTDv8yRgm0Fccecssto+MhsZ0D/DGW2sm8E8AjW7NU5VVTRt5GxbeZ5qBuJr+HyLYkjQ=="
    },
    "node_modules/postcss": {
      "version": "8.4.12",
      "resolved": "https://registry.npmjs.org/postcss/-/postcss-8.4.12.tgz",
      "integrity": "sha512-lg6eITwYe9v6Hr5CncVbK70SoioNQIq81nsaG86ev5hAidQvmOeETBqs7jm43K2F5/Ley3ytDtriImV6TpNiSg==",
      "funding": [
        {
          "type": "opencollective",
          "url": "https://opencollective.com/postcss/"
        },
        {
          "type": "tidelift",
          "url": "https://tidelift.com/funding/github/npm/postcss"
        }
      ],
      "dependencies": {
        "nanoid": "^3.3.1",
        "picocolors": "^1.0.0",
        "source-map-js": "^1.0.2"
      },
      "engines": {
        "node": "^10 || ^12 || >=14"
      }
    },
    "node_modules/ranges-apply": {
      "version": "6.1.2",
      "resolved": "https://registry.npmjs.org/ranges-apply/-/ranges-apply-6.1.2.tgz",
      "integrity": "sha512-ng26L7OFwx7XLfkmtBre9DlTKQvTflh1mVGlHKt3tfq27YQhMTl6KpxDF5vIsdD1Han7gjwpZuJSiA3wc7HPaw==",
      "dependencies": {
        "ranges-merge": "^8.1.2",
        "tiny-invariant": "^1.2.0"
      },
      "engines": {
        "node": "^12.20.0 || ^14.13.1 || >=16.0.0"
      }
    },
    "node_modules/ranges-merge": {
      "version": "8.1.2",
      "resolved": "https://registry.npmjs.org/ranges-merge/-/ranges-merge-8.1.2.tgz",
      "integrity": "sha512-8Cvvi//DES471TwbOSoe/FTgh7jBxd8wMPAwaIEo43VqcgvaBIGvQlkeWztd7k18plYuLufGvlx/IKN60sy4Yg==",
      "dependencies": {
        "ranges-push": "^6.1.2",
        "ranges-sort": "^5.0.13"
      },
      "engines": {
        "node": "^12.20.0 || ^14.13.1 || >=16.0.0"
      }
    },
    "node_modules/ranges-push": {
      "version": "6.1.2",
      "resolved": "https://registry.npmjs.org/ranges-push/-/ranges-push-6.1.2.tgz",
      "integrity": "sha512-cqdvbbI6npAX28UnVk6jrt2zZyn65D/eOjH6uOBDJFdXs5DVZAY9ba4FloYiKaYd0aMbm9y0dse9feL4ZV4BOA==",
      "dependencies": {
        "string-collapse-leading-whitespace": "^6.0.14",
        "string-trim-spaces-only": "^4.0.13"
      },
      "engines": {
        "node": "^12.20.0 || ^14.13.1 || >=16.0.0"
      }
    },
    "node_modules/ranges-sort": {
      "version": "5.0.13",
      "resolved": "https://registry.npmjs.org/ranges-sort/-/ranges-sort-5.0.13.tgz",
      "integrity": "sha512-Z6jLO+wf28AUk+vy2Vbs3pd13UCvZZ4Ln1fWpyeDynGUgUOjKgg27SifWLEN2B6Mx3mgGZHhfEy/GK4IrLL2dA==",
      "engines": {
        "node": "^12.20.0 || ^14.13.1 || >=16.0.0"
      }
    },
    "node_modules/sanitize-html": {
      "version": "2.7.0",
      "resolved": "https://registry.npmjs.org/sanitize-html/-/sanitize-html-2.7.0.tgz",
      "integrity": "sha512-jfQelabOn5voO7FAfnQF7v+jsA6z9zC/O4ec0z3E35XPEtHYJT/OdUziVWlKW4irCr2kXaQAyXTXDHWAibg1tA==",
      "dependencies": {
        "deepmerge": "^4.2.2",
        "escape-string-regexp": "^4.0.0",
        "htmlparser2": "^6.0.0",
        "is-plain-object": "^5.0.0",
        "parse-srcset": "^1.0.2",
        "postcss": "^8.3.11"
      }
    },
    "node_modules/sanitize-html/node_modules/htmlparser2": {
      "version": "6.1.0",
      "resolved": "https://registry.npmjs.org/htmlparser2/-/htmlparser2-6.1.0.tgz",
      "integrity": "sha512-gyyPk6rgonLFEDGoeRgQNaEUvdJ4ktTmmUh/h2t7s+M8oPpIPxgNACWa+6ESR57kXstwqPiCut0V8NRpcwgU7A==",
      "funding": [
        "https://github.com/fb55/htmlparser2?sponsor=1",
        {
          "type": "github",
          "url": "https://github.com/sponsors/fb55"
        }
      ],
      "dependencies": {
        "domelementtype": "^2.0.1",
        "domhandler": "^4.0.0",
        "domutils": "^2.5.2",
        "entities": "^2.0.0"
      }
    },
    "node_modules/source-map-js": {
      "version": "1.0.2",
      "resolved": "https://registry.npmjs.org/source-map-js/-/source-map-js-1.0.2.tgz",
      "integrity": "sha512-R0XvVJ9WusLiqTCEiGCmICCMplcCkIwwR11mOSD9CR5u+IXYdiseeEuXCVAjS54zqwkLcPNnmU4OeJ6tUrWhDw==",
      "engines": {
        "node": ">=0.10.0"
      }
    },
    "node_modules/string-character-is-astral-surrogate": {
      "version": "2.0.13",
      "resolved": "https://registry.npmjs.org/string-character-is-astral-surrogate/-/string-character-is-astral-surrogate-2.0.13.tgz",
      "integrity": "sha512-5nBhDLSy3qcj3DNsYCzk7IsArslMHVuUYoZXy6aSdP2HIRJXGa+Iqmg0K0uYWC4DKrL0aVovj/rWwQZbb4z4UA==",
      "engines": {
        "node": "^12.20.0 || ^14.13.1 || >=16.0.0"
      }
    },
    "node_modules/string-collapse-leading-whitespace": {
      "version": "6.0.14",
      "resolved": "https://registry.npmjs.org/string-collapse-leading-whitespace/-/string-collapse-leading-whitespace-6.0.14.tgz",
      "integrity": "sha512-70c9c9KHj+zU8AUvSTSPgOz6IIMTSqEzHxDrsFpr/c10bNsURsCZWd+RzbpZP/lMqGIeaYF/cyTt272T9YmVfA==",
      "engines": {
        "node": "^12.20.0 || ^14.13.1 || >=16.0.0"
      }
    },
    "node_modules/string-comparison": {
      "version": "1.1.0",
      "resolved": "https://registry.npmjs.org/string-comparison/-/string-comparison-1.1.0.tgz",
      "integrity": "sha512-9its9Hn37UNw6HlHFH0CGaTkkCWSCFtI3J5qLbuJqKAfbgEc0Ix+rFWfky47TcLlr5GvTSAqbGzHzQndZ7QaSQ=="
    },
    "node_modules/string-left-right": {
      "version": "5.0.13",
      "resolved": "https://registry.npmjs.org/string-left-right/-/string-left-right-5.0.13.tgz",
      "integrity": "sha512-QfjbiQZbEu8t5xkdj4T3Eni4MNhqgEDgHfD2m1Gc9jGEG+0Mo8hLi80CUes1R6jA6rXnTDMD4HiNpSqKID7Jkg==",
      "dependencies": {
        "lodash.clonedeep": "^4.5.0",
        "lodash.isplainobject": "^4.0.6"
      },
      "engines": {
        "node": "^12.20.0 || ^14.13.1 || >=16.0.0"
      }
    },
    "node_modules/string-match-left-right": {
      "version": "8.1.2",
      "resolved": "https://registry.npmjs.org/string-match-left-right/-/string-match-left-right-8.1.2.tgz",
      "integrity": "sha512-+id3zDnZFu5UaDWf4NTtsjw0LilOkGfj8xhil/lK9J+vbo5YJg6FKZozxammKQTSXIEnRHZwCT6nrb5mgjh77g==",
      "dependencies": {
        "arrayiffy-if-string": "^4.0.13",
        "lodash.isplainobject": "^4.0.6",
        "string-character-is-astral-surrogate": "^2.0.13"
      },
      "engines": {
        "node": "^12.20.0 || ^14.13.1 || >=16.0.0"
      }
    },
    "node_modules/string-range-expander": {
      "version": "3.0.13",
      "resolved": "https://registry.npmjs.org/string-range-expander/-/string-range-expander-3.0.13.tgz",
      "integrity": "sha512-GnUrk+Rjg5Q0y5mZ4sI71uX5stTRGWN6cR4UTCQfIyf+K/q5mukN8VEyrlmQzEUoNASEoQA5k1tK1xLFlkXGsQ==",
      "engines": {
        "node": "^12.20.0 || ^14.13.1 || >=16.0.0"
      }
    },
    "node_modules/string-trim-spaces-only": {
      "version": "4.0.13",
      "resolved": "https://registry.npmjs.org/string-trim-spaces-only/-/string-trim-spaces-only-4.0.13.tgz",
      "integrity": "sha512-W43vJduoP3//uYq73Na+lC09PJ6dQTGxF0zN0oFycUozW+OFxFurilxNQeAMFXbcs2Ookd5Tp22duLKOQJZSUg==",
      "engines": {
        "node": "^12.20.0 || ^14.13.1 || >=16.0.0"
      }
    },
    "node_modules/test-mixer": {
      "version": "3.0.13",
      "resolved": "https://registry.npmjs.org/test-mixer/-/test-mixer-3.0.13.tgz",
      "integrity": "sha512-d6XvM9pCWSqh+g3JN0P5WN1/LyOjBZMvCWJWRmzoF/GU24f48RV4cQAYBGOF3CndPVJRBmwpIgQJl0vw6gkcLw==",
      "dependencies": {
        "lodash.clonedeep": "^4.5.0",
        "object-boolean-combinations": "^5.0.13"
      },
      "engines": {
        "node": "^12.20.0 || ^14.13.1 || >=16.0.0"
      }
    },
    "node_modules/tiny-invariant": {
      "version": "1.2.0",
      "resolved": "https://registry.npmjs.org/tiny-invariant/-/tiny-invariant-1.2.0.tgz",
      "integrity": "sha512-1Uhn/aqw5C6RI4KejVeTg6mIS7IqxnLJ8Mv2tV5rTc0qWobay7pDUz6Wi392Cnc8ak1H0F2cjoRzb2/AW4+Fvg=="
    },
    "node_modules/uhyphen": {
      "version": "0.1.0",
      "resolved": "https://registry.npmjs.org/uhyphen/-/uhyphen-0.1.0.tgz",
      "integrity": "sha512-o0QVGuFg24FK765Qdd5kk0zU/U4dEsCtN/GSiwNI9i8xsSVtjIAOdTaVhLwZ1nrbWxFVMxNDDl+9fednsOMsBw=="
    },
    "node_modules/universalify": {
      "version": "2.0.0",
      "resolved": "https://registry.npmjs.org/universalify/-/universalify-2.0.0.tgz",
      "integrity": "sha512-hAZsKq7Yy11Zu1DE0OzWjw7nnLZmJZYTDZZyEFHZdUhV8FkH5MCfoU1XMaxXovpyW5nq5scPqq0ZDP9Zyl04oQ==",
      "engines": {
        "node": ">= 10.0.0"
      }
    },
    "node_modules/upath": {
      "version": "2.0.1",
      "resolved": "https://registry.npmjs.org/upath/-/upath-2.0.1.tgz",
      "integrity": "sha512-1uEe95xksV1O0CYKXo8vQvN1JEbtJp7lb7C5U9HMsIp6IVwntkH/oNUzyVNQSd4S1sYk2FpSSW44FqMc8qee5w==",
      "engines": {
        "node": ">=4",
        "yarn": "*"
      }
    },
    "node_modules/urlpattern-polyfill": {
      "version": "4.0.3",
      "resolved": "https://registry.npmjs.org/urlpattern-polyfill/-/urlpattern-polyfill-4.0.3.tgz",
      "integrity": "sha512-DOE84vZT2fEcl9gqCUTcnAw5ZY5Id55ikUcziSUntuEFL3pRvavg5kwDmTEUJkeCHInTlV/HexFomgYnzO5kdQ=="
    }
  },
  "dependencies": {
    "@mozilla/readability": {
      "version": "0.4.2",
      "resolved": "https://registry.npmjs.org/@mozilla/readability/-/readability-0.4.2.tgz",
      "integrity": "sha512-48MJXzi4Dhy2fJ3lGjmwdEJKoMmn3oiYew9n/1OW6cZy78hAzRIyDJDBCGrg4PBFDyY4xos+H4LCFn5QVRDcfw=="
    },
    "@types/md5": {
      "version": "2.3.2",
      "resolved": "https://registry.npmjs.org/@types/md5/-/md5-2.3.2.tgz",
      "integrity": "sha512-v+JFDu96+UYJ3/UWzB0mEglIS//MZXgRaJ4ubUPwOM0gvLc/kcQ3TWNYwENEK7/EcXGQVrW8h/XqednSjBd/Og==",
      "dev": true
    },
    "arrayiffy-if-string": {
      "version": "4.0.13",
      "resolved": "https://registry.npmjs.org/arrayiffy-if-string/-/arrayiffy-if-string-4.0.13.tgz",
      "integrity": "sha512-A/ur/GVO/e0eOuC+Em+TdfXthusMiQC0sa9IG4W9w1nfiEjh/tKu+sUBOgQ3bniwNaLr5okf0tQyhPTwiYYyNQ=="
    },
    "article-parser": {
      "version": "6.0.0",
      "resolved": "https://registry.npmjs.org/article-parser/-/article-parser-6.0.0.tgz",
      "integrity": "sha512-GB/O0WlPevk/AJta2j1imCKomM4nNU6Qtxi+w5Sf2ng9aaxpBRPk+mt8UhhU16vIxV3998nvrZruw8zBoYSGNA==",
      "requires": {
        "@mozilla/readability": "^0.4.2",
        "axios": "^0.26.1",
        "bellajs": "^11.0.2",
        "debug": "^4.3.4",
        "html-crush": "^5.0.12",
        "linkedom": "^0.14.5",
        "sanitize-html": "^2.7.0",
        "string-comparison": "^1.1.0",
        "urlpattern-polyfill": "^4.0.2"
      }
    },
    "axios": {
      "version": "0.26.1",
      "resolved": "https://registry.npmjs.org/axios/-/axios-0.26.1.tgz",
      "integrity": "sha512-fPwcX4EvnSHuInCMItEhAGnaSEXRBjtzh9fOtsE6E1G6p7vl7edEeZe11QHf18+6+9gR5PbKV/sGKNaD8YaMeA==",
      "requires": {
        "follow-redirects": "^1.14.8"
      }
    },
    "bellajs": {
      "version": "11.0.2",
      "resolved": "https://registry.npmjs.org/bellajs/-/bellajs-11.0.2.tgz",
      "integrity": "sha512-XjyF3Ypi40AIh2PtPYgzmKrKIk4EDh6OPIcgZv653vBUiKPQ5PkrTSU1bNUW7YBYabufqS2ajv4o6xGJJaSmWw=="
    },
    "boolbase": {
      "version": "1.0.0",
      "resolved": "https://registry.npmjs.org/boolbase/-/boolbase-1.0.0.tgz",
      "integrity": "sha1-aN/1++YMUes3cl6p4+0xDcwed24="
    },
    "charenc": {
      "version": "0.0.2",
      "resolved": "https://registry.npmjs.org/charenc/-/charenc-0.0.2.tgz",
      "integrity": "sha1-wKHS86cJLgN3S/qD8UwPxXkKhmc="
    },
    "crypt": {
      "version": "0.0.2",
      "resolved": "https://registry.npmjs.org/crypt/-/crypt-0.0.2.tgz",
      "integrity": "sha1-iNf/fsDfuG9xPch7u0LQRNPmxBs="
    },
    "css-select": {
      "version": "4.3.0",
      "resolved": "https://registry.npmjs.org/css-select/-/css-select-4.3.0.tgz",
      "integrity": "sha512-wPpOYtnsVontu2mODhA19JrqWxNsfdatRKd64kmpRbQgh1KtItko5sTnEpPdpSaJszTOhEMlF/RPz28qj4HqhQ==",
      "requires": {
        "boolbase": "^1.0.0",
        "css-what": "^6.0.1",
        "domhandler": "^4.3.1",
        "domutils": "^2.8.0",
        "nth-check": "^2.0.1"
      }
    },
    "css-what": {
      "version": "6.1.0",
      "resolved": "https://registry.npmjs.org/css-what/-/css-what-6.1.0.tgz",
      "integrity": "sha512-HTUrgRJ7r4dsZKU6GjmpfRK1O76h97Z8MfS1G0FozR+oF2kG6Vfe8JE6zwrkbxigziPHinCJ+gCPjA9EaBDtRw=="
    },
    "cssom": {
      "version": "0.5.0",
      "resolved": "https://registry.npmjs.org/cssom/-/cssom-0.5.0.tgz",
      "integrity": "sha512-iKuQcq+NdHqlAcwUY0o/HL69XQrUaQdMjmStJ8JFmUaiiQErlhrmuigkg/CU4E2J0IyUKUrMAgl36TvN67MqTw=="
    },
    "debug": {
      "version": "4.3.4",
      "resolved": "https://registry.npmjs.org/debug/-/debug-4.3.4.tgz",
      "integrity": "sha512-PRWFHuSU3eDtQJPvnNY7Jcket1j0t5OuOsFzPPzsekD52Zl8qUfFIPEiswXqIvHWGVHOgX+7G/vCNNhehwxfkQ==",
      "requires": {
        "ms": "2.1.2"
      }
    },
    "deepmerge": {
      "version": "4.2.2",
      "resolved": "https://registry.npmjs.org/deepmerge/-/deepmerge-4.2.2.tgz",
      "integrity": "sha512-FJ3UgI4gIl+PHZm53knsuSFpE+nESMr7M4v9QcgB7S63Kj/6WqMiFQJpBBYz1Pt+66bZpP3Q7Lye0Oo9MPKEdg=="
    },
    "dom-serializer": {
      "version": "1.4.1",
      "resolved": "https://registry.npmjs.org/dom-serializer/-/dom-serializer-1.4.1.tgz",
      "integrity": "sha512-VHwB3KfrcOOkelEG2ZOfxqLZdfkil8PtJi4P8N2MMXucZq2yLp75ClViUlOVwyoHEDjYU433Aq+5zWP61+RGag==",
      "requires": {
        "domelementtype": "^2.0.1",
        "domhandler": "^4.2.0",
        "entities": "^2.0.0"
      }
    },
    "domelementtype": {
      "version": "2.3.0",
      "resolved": "https://registry.npmjs.org/domelementtype/-/domelementtype-2.3.0.tgz",
      "integrity": "sha512-OLETBj6w0OsagBwdXnPdN0cnMfF9opN69co+7ZrbfPGrdpPVNBUj02spi6B1N7wChLQiPn4CSH/zJvXw56gmHw=="
    },
    "domhandler": {
      "version": "4.3.1",
      "resolved": "https://registry.npmjs.org/domhandler/-/domhandler-4.3.1.tgz",
      "integrity": "sha512-GrwoxYN+uWlzO8uhUXRl0P+kHE4GtVPfYzVLcUxPL7KNdHKj66vvlhiweIHqYYXWlw+T8iLMp42Lm67ghw4WMQ==",
      "requires": {
        "domelementtype": "^2.2.0"
      }
    },
    "domutils": {
      "version": "2.8.0",
      "resolved": "https://registry.npmjs.org/domutils/-/domutils-2.8.0.tgz",
      "integrity": "sha512-w96Cjofp72M5IIhpjgobBimYEfoPjx1Vx0BSX9P30WBdZW2WIKU0T1Bd0kz2eNZ9ikjKgHbEyKx8BB6H1L3h3A==",
      "requires": {
        "dom-serializer": "^1.0.1",
        "domelementtype": "^2.2.0",
        "domhandler": "^4.2.0"
      }
    },
    "entities": {
      "version": "2.2.0",
      "resolved": "https://registry.npmjs.org/entities/-/entities-2.2.0.tgz",
      "integrity": "sha512-p92if5Nz619I0w+akJrLZH0MX0Pb5DX39XOwQTtXSdQQOaYH03S1uIQp4mhOZtAXrxq4ViO67YTiLBo2638o9A=="
    },
    "escape-string-regexp": {
      "version": "4.0.0",
      "resolved": "https://registry.npmjs.org/escape-string-regexp/-/escape-string-regexp-4.0.0.tgz",
      "integrity": "sha512-TtpcNJ3XAzx3Gq8sWRzJaVajRs0uVxA2YAkdb1jm2YkPz4G6egUFAyA3n5vtEIZefPk5Wa4UXbKuS5fKkJWdgA=="
    },
    "follow-redirects": {
      "version": "1.14.9",
      "resolved": "https://registry.npmjs.org/follow-redirects/-/follow-redirects-1.14.9.tgz",
      "integrity": "sha512-MQDfihBQYMcyy5dhRDJUHcw7lb2Pv/TuE6xP1vyraLukNDHKbDxDNaOE3NbCAdKQApno+GPRyo1YAp89yCjK4w=="
    },
    "fs-extra": {
      "version": "10.1.0",
      "resolved": "https://registry.npmjs.org/fs-extra/-/fs-extra-10.1.0.tgz",
      "integrity": "sha512-oRXApq54ETRj4eMiFzGnHWGy+zo5raudjuxN0b8H7s/RU2oW0Wvsx9O0ACRN/kRq9E8Vu/ReskGB5o3ji+FzHQ==",
      "requires": {
        "graceful-fs": "^4.2.0",
        "jsonfile": "^6.0.1",
        "universalify": "^2.0.0"
      }
    },
    "graceful-fs": {
      "version": "4.2.10",
      "resolved": "https://registry.npmjs.org/graceful-fs/-/graceful-fs-4.2.10.tgz",
      "integrity": "sha512-9ByhssR2fPVsNZj478qUUbKfmL0+t5BDVyjShtyZZLiK7ZDAArFFfopyOTj0M05wE2tJPisA4iTnnXl2YoPvOA=="
    },
    "html-crush": {
      "version": "5.0.16",
      "resolved": "https://registry.npmjs.org/html-crush/-/html-crush-5.0.16.tgz",
      "integrity": "sha512-kAWYdBehMy0mpuCm5i6LrKD6dNExxt4ROvT+fiAw5125xmqtfxOXQkAZnGdiXi0EWyQgblKmeRvDEEp3KzvQog==",
      "requires": {
        "ranges-apply": "^6.1.2",
        "ranges-push": "^6.1.2",
        "string-left-right": "^5.0.13",
        "string-match-left-right": "^8.1.2",
        "string-range-expander": "^3.0.13",
        "test-mixer": "^3.0.13"
      }
    },
    "html-escaper": {
      "version": "3.0.3",
      "resolved": "https://registry.npmjs.org/html-escaper/-/html-escaper-3.0.3.tgz",
      "integrity": "sha512-RuMffC89BOWQoY0WKGpIhn5gX3iI54O6nRA0yC124NYVtzjmFWBIiFd8M0x+ZdX0P9R4lADg1mgP8C7PxGOWuQ=="
    },
    "htmlparser2": {
      "version": "7.2.0",
      "resolved": "https://registry.npmjs.org/htmlparser2/-/htmlparser2-7.2.0.tgz",
      "integrity": "sha512-H7MImA4MS6cw7nbyURtLPO1Tms7C5H602LRETv95z1MxO/7CP7rDVROehUYeYBUYEON94NXXDEPmZuq+hX4sog==",
      "requires": {
        "domelementtype": "^2.0.1",
        "domhandler": "^4.2.2",
        "domutils": "^2.8.0",
        "entities": "^3.0.1"
      },
      "dependencies": {
        "entities": {
          "version": "3.0.1",
          "resolved": "https://registry.npmjs.org/entities/-/entities-3.0.1.tgz",
          "integrity": "sha512-WiyBqoomrwMdFG1e0kqvASYfnlb0lp8M5o5Fw2OFq1hNZxxcNk8Ik0Xm7LxzBhuidnZB/UtBqVCgUz3kBOP51Q=="
        }
      }
    },
    "is-buffer": {
      "version": "1.1.6",
      "resolved": "https://registry.npmjs.org/is-buffer/-/is-buffer-1.1.6.tgz",
      "integrity": "sha512-NcdALwpXkTm5Zvvbk7owOUSvVvBKDgKP5/ewfXEznmQFfs4ZRmanOeKBTjRVjka3QFoN6XJ+9F3USqfHqTaU5w=="
    },
    "is-plain-object": {
      "version": "5.0.0",
      "resolved": "https://registry.npmjs.org/is-plain-object/-/is-plain-object-5.0.0.tgz",
      "integrity": "sha512-VRSzKkbMm5jMDoKLbltAkFQ5Qr7VDiTFGXxYFXXowVj387GeGNOCsOH6Msy00SGZ3Fp84b1Naa1psqgcCIEP5Q=="
    },
    "jsonfile": {
      "version": "6.1.0",
      "resolved": "https://registry.npmjs.org/jsonfile/-/jsonfile-6.1.0.tgz",
      "integrity": "sha512-5dgndWOriYSm5cnYaJNhalLNDKOqFwyDB/rr1E9ZsGciGvKPs8R2xYGCacuf3z6K1YKDz182fd+fY3cn3pMqXQ==",
      "requires": {
        "graceful-fs": "^4.1.6",
        "universalify": "^2.0.0"
      }
    },
    "linkedom": {
      "version": "0.14.7",
      "resolved": "https://registry.npmjs.org/linkedom/-/linkedom-0.14.7.tgz",
      "integrity": "sha512-3S0iNZDXWbKAqrtc0SU4UdhRDRm+8Fq1y15zAhcVnHWaGh+6Qnej9BF2wFJjpgdwrmF2E8nxb5axYSKLpMM3Pw==",
      "requires": {
        "css-select": "^4.3.0",
        "cssom": "^0.5.0",
        "html-escaper": "^3.0.3",
        "htmlparser2": "^7.2.0",
        "uhyphen": "^0.1.0"
      }
    },
    "lodash.clonedeep": {
      "version": "4.5.0",
      "resolved": "https://registry.npmjs.org/lodash.clonedeep/-/lodash.clonedeep-4.5.0.tgz",
      "integrity": "sha1-4j8/nE+Pvd6HJSnBBxhXoIblzO8="
    },
    "lodash.intersection": {
      "version": "4.4.0",
      "resolved": "https://registry.npmjs.org/lodash.intersection/-/lodash.intersection-4.4.0.tgz",
      "integrity": "sha1-ChG6Yx0OlcI8fy9Mu5ppLtF45wU="
    },
    "lodash.isplainobject": {
      "version": "4.0.6",
      "resolved": "https://registry.npmjs.org/lodash.isplainobject/-/lodash.isplainobject-4.0.6.tgz",
      "integrity": "sha1-fFJqUtibRcRcxpC4gWO+BJf1UMs="
    },
    "lodash.pull": {
      "version": "4.1.0",
      "resolved": "https://registry.npmjs.org/lodash.pull/-/lodash.pull-4.1.0.tgz",
      "integrity": "sha1-YAYMxr1iW01FZ+wn3EXNG+nuwBI="
    },
    "md5": {
      "version": "2.3.0",
      "resolved": "https://registry.npmjs.org/md5/-/md5-2.3.0.tgz",
      "integrity": "sha512-T1GITYmFaKuO91vxyoQMFETst+O71VUPEU3ze5GNzDm0OWdP8v1ziTaAEPUr/3kLsY3Sftgz242A1SetQiDL7g==",
      "requires": {
        "charenc": "0.0.2",
        "crypt": "0.0.2",
        "is-buffer": "~1.1.6"
      }
    },
    "ms": {
      "version": "2.1.2",
      "resolved": "https://registry.npmjs.org/ms/-/ms-2.1.2.tgz",
      "integrity": "sha512-sGkPx+VjMtmA6MX27oA4FBFELFCZZ4S4XqeGOXCv68tT+jb3vk/RyaKWP0PTKyWtmLSM0b+adUTEvbs1PEaH2w=="
    },
    "nanoid": {
      "version": "3.3.3",
      "resolved": "https://registry.npmjs.org/nanoid/-/nanoid-3.3.3.tgz",
      "integrity": "sha512-p1sjXuopFs0xg+fPASzQ28agW1oHD7xDsd9Xkf3T15H3c/cifrFHVwrh74PdoklAPi+i7MdRsE47vm2r6JoB+w=="
    },
    "nth-check": {
      "version": "2.0.1",
      "resolved": "https://registry.npmjs.org/nth-check/-/nth-check-2.0.1.tgz",
      "integrity": "sha512-it1vE95zF6dTT9lBsYbxvqh0Soy4SPowchj0UBGj/V6cTPnXXtQOPUbhZ6CmGzAD/rW22LQK6E96pcdJXk4A4w==",
      "requires": {
        "boolbase": "^1.0.0"
      }
    },
    "object-boolean-combinations": {
      "version": "5.0.13",
      "resolved": "https://registry.npmjs.org/object-boolean-combinations/-/object-boolean-combinations-5.0.13.tgz",
      "integrity": "sha512-Bw0CnSKIWSOIKHd4nxYHmqtPiIQLzWkXt+1JogU6kP1/Y3KHXnW6ew4OP3kb3wpUTLimwRttdmxwd3kjLLgUCQ==",
      "requires": {
        "lodash.clonedeep": "^4.5.0",
        "lodash.intersection": "^4.4.0",
        "lodash.isplainobject": "^4.0.6",
        "lodash.pull": "^4.1.0"
      }
    },
    "parse-srcset": {
      "version": "1.0.2",
      "resolved": "https://registry.npmjs.org/parse-srcset/-/parse-srcset-1.0.2.tgz",
      "integrity": "sha1-8r0iH2zJcKk42IVWq8WJyqqiveE="
    },
    "picocolors": {
      "version": "1.0.0",
      "resolved": "https://registry.npmjs.org/picocolors/-/picocolors-1.0.0.tgz",
      "integrity": "sha512-1fygroTLlHu66zi26VoTDv8yRgm0Fccecssto+MhsZ0D/DGW2sm8E8AjW7NU5VVTRt5GxbeZ5qBuJr+HyLYkjQ=="
    },
    "postcss": {
      "version": "8.4.12",
      "resolved": "https://registry.npmjs.org/postcss/-/postcss-8.4.12.tgz",
      "integrity": "sha512-lg6eITwYe9v6Hr5CncVbK70SoioNQIq81nsaG86ev5hAidQvmOeETBqs7jm43K2F5/Ley3ytDtriImV6TpNiSg==",
      "requires": {
        "nanoid": "^3.3.1",
        "picocolors": "^1.0.0",
        "source-map-js": "^1.0.2"
      }
    },
    "ranges-apply": {
      "version": "6.1.2",
      "resolved": "https://registry.npmjs.org/ranges-apply/-/ranges-apply-6.1.2.tgz",
      "integrity": "sha512-ng26L7OFwx7XLfkmtBre9DlTKQvTflh1mVGlHKt3tfq27YQhMTl6KpxDF5vIsdD1Han7gjwpZuJSiA3wc7HPaw==",
      "requires": {
        "ranges-merge": "^8.1.2",
        "tiny-invariant": "^1.2.0"
      }
    },
    "ranges-merge": {
      "version": "8.1.2",
      "resolved": "https://registry.npmjs.org/ranges-merge/-/ranges-merge-8.1.2.tgz",
      "integrity": "sha512-8Cvvi//DES471TwbOSoe/FTgh7jBxd8wMPAwaIEo43VqcgvaBIGvQlkeWztd7k18plYuLufGvlx/IKN60sy4Yg==",
      "requires": {
        "ranges-push": "^6.1.2",
        "ranges-sort": "^5.0.13"
      }
    },
    "ranges-push": {
      "version": "6.1.2",
      "resolved": "https://registry.npmjs.org/ranges-push/-/ranges-push-6.1.2.tgz",
      "integrity": "sha512-cqdvbbI6npAX28UnVk6jrt2zZyn65D/eOjH6uOBDJFdXs5DVZAY9ba4FloYiKaYd0aMbm9y0dse9feL4ZV4BOA==",
      "requires": {
        "string-collapse-leading-whitespace": "^6.0.14",
        "string-trim-spaces-only": "^4.0.13"
      }
    },
    "ranges-sort": {
      "version": "5.0.13",
      "resolved": "https://registry.npmjs.org/ranges-sort/-/ranges-sort-5.0.13.tgz",
      "integrity": "sha512-Z6jLO+wf28AUk+vy2Vbs3pd13UCvZZ4Ln1fWpyeDynGUgUOjKgg27SifWLEN2B6Mx3mgGZHhfEy/GK4IrLL2dA=="
    },
    "sanitize-html": {
      "version": "2.7.0",
      "resolved": "https://registry.npmjs.org/sanitize-html/-/sanitize-html-2.7.0.tgz",
      "integrity": "sha512-jfQelabOn5voO7FAfnQF7v+jsA6z9zC/O4ec0z3E35XPEtHYJT/OdUziVWlKW4irCr2kXaQAyXTXDHWAibg1tA==",
      "requires": {
        "deepmerge": "^4.2.2",
        "escape-string-regexp": "^4.0.0",
        "htmlparser2": "^6.0.0",
        "is-plain-object": "^5.0.0",
        "parse-srcset": "^1.0.2",
        "postcss": "^8.3.11"
      },
      "dependencies": {
        "htmlparser2": {
          "version": "6.1.0",
          "resolved": "https://registry.npmjs.org/htmlparser2/-/htmlparser2-6.1.0.tgz",
          "integrity": "sha512-gyyPk6rgonLFEDGoeRgQNaEUvdJ4ktTmmUh/h2t7s+M8oPpIPxgNACWa+6ESR57kXstwqPiCut0V8NRpcwgU7A==",
          "requires": {
            "domelementtype": "^2.0.1",
            "domhandler": "^4.0.0",
            "domutils": "^2.5.2",
            "entities": "^2.0.0"
          }
        }
      }
    },
    "source-map-js": {
      "version": "1.0.2",
      "resolved": "https://registry.npmjs.org/source-map-js/-/source-map-js-1.0.2.tgz",
      "integrity": "sha512-R0XvVJ9WusLiqTCEiGCmICCMplcCkIwwR11mOSD9CR5u+IXYdiseeEuXCVAjS54zqwkLcPNnmU4OeJ6tUrWhDw=="
    },
    "string-character-is-astral-surrogate": {
      "version": "2.0.13",
      "resolved": "https://registry.npmjs.org/string-character-is-astral-surrogate/-/string-character-is-astral-surrogate-2.0.13.tgz",
      "integrity": "sha512-5nBhDLSy3qcj3DNsYCzk7IsArslMHVuUYoZXy6aSdP2HIRJXGa+Iqmg0K0uYWC4DKrL0aVovj/rWwQZbb4z4UA=="
    },
    "string-collapse-leading-whitespace": {
      "version": "6.0.14",
      "resolved": "https://registry.npmjs.org/string-collapse-leading-whitespace/-/string-collapse-leading-whitespace-6.0.14.tgz",
      "integrity": "sha512-70c9c9KHj+zU8AUvSTSPgOz6IIMTSqEzHxDrsFpr/c10bNsURsCZWd+RzbpZP/lMqGIeaYF/cyTt272T9YmVfA=="
    },
    "string-comparison": {
      "version": "1.1.0",
      "resolved": "https://registry.npmjs.org/string-comparison/-/string-comparison-1.1.0.tgz",
      "integrity": "sha512-9its9Hn37UNw6HlHFH0CGaTkkCWSCFtI3J5qLbuJqKAfbgEc0Ix+rFWfky47TcLlr5GvTSAqbGzHzQndZ7QaSQ=="
    },
    "string-left-right": {
      "version": "5.0.13",
      "resolved": "https://registry.npmjs.org/string-left-right/-/string-left-right-5.0.13.tgz",
      "integrity": "sha512-QfjbiQZbEu8t5xkdj4T3Eni4MNhqgEDgHfD2m1Gc9jGEG+0Mo8hLi80CUes1R6jA6rXnTDMD4HiNpSqKID7Jkg==",
      "requires": {
        "lodash.clonedeep": "^4.5.0",
        "lodash.isplainobject": "^4.0.6"
      }
    },
    "string-match-left-right": {
      "version": "8.1.2",
      "resolved": "https://registry.npmjs.org/string-match-left-right/-/string-match-left-right-8.1.2.tgz",
      "integrity": "sha512-+id3zDnZFu5UaDWf4NTtsjw0LilOkGfj8xhil/lK9J+vbo5YJg6FKZozxammKQTSXIEnRHZwCT6nrb5mgjh77g==",
      "requires": {
        "arrayiffy-if-string": "^4.0.13",
        "lodash.isplainobject": "^4.0.6",
        "string-character-is-astral-surrogate": "^2.0.13"
      }
    },
    "string-range-expander": {
      "version": "3.0.13",
      "resolved": "https://registry.npmjs.org/string-range-expander/-/string-range-expander-3.0.13.tgz",
      "integrity": "sha512-GnUrk+Rjg5Q0y5mZ4sI71uX5stTRGWN6cR4UTCQfIyf+K/q5mukN8VEyrlmQzEUoNASEoQA5k1tK1xLFlkXGsQ=="
    },
    "string-trim-spaces-only": {
      "version": "4.0.13",
      "resolved": "https://registry.npmjs.org/string-trim-spaces-only/-/string-trim-spaces-only-4.0.13.tgz",
      "integrity": "sha512-W43vJduoP3//uYq73Na+lC09PJ6dQTGxF0zN0oFycUozW+OFxFurilxNQeAMFXbcs2Ookd5Tp22duLKOQJZSUg=="
    },
    "test-mixer": {
      "version": "3.0.13",
      "resolved": "https://registry.npmjs.org/test-mixer/-/test-mixer-3.0.13.tgz",
      "integrity": "sha512-d6XvM9pCWSqh+g3JN0P5WN1/LyOjBZMvCWJWRmzoF/GU24f48RV4cQAYBGOF3CndPVJRBmwpIgQJl0vw6gkcLw==",
      "requires": {
        "lodash.clonedeep": "^4.5.0",
        "object-boolean-combinations": "^5.0.13"
      }
    },
    "tiny-invariant": {
      "version": "1.2.0",
      "resolved": "https://registry.npmjs.org/tiny-invariant/-/tiny-invariant-1.2.0.tgz",
      "integrity": "sha512-1Uhn/aqw5C6RI4KejVeTg6mIS7IqxnLJ8Mv2tV5rTc0qWobay7pDUz6Wi392Cnc8ak1H0F2cjoRzb2/AW4+Fvg=="
    },
    "uhyphen": {
      "version": "0.1.0",
      "resolved": "https://registry.npmjs.org/uhyphen/-/uhyphen-0.1.0.tgz",
      "integrity": "sha512-o0QVGuFg24FK765Qdd5kk0zU/U4dEsCtN/GSiwNI9i8xsSVtjIAOdTaVhLwZ1nrbWxFVMxNDDl+9fednsOMsBw=="
    },
    "universalify": {
      "version": "2.0.0",
      "resolved": "https://registry.npmjs.org/universalify/-/universalify-2.0.0.tgz",
      "integrity": "sha512-hAZsKq7Yy11Zu1DE0OzWjw7nnLZmJZYTDZZyEFHZdUhV8FkH5MCfoU1XMaxXovpyW5nq5scPqq0ZDP9Zyl04oQ=="
    },
    "upath": {
      "version": "2.0.1",
      "resolved": "https://registry.npmjs.org/upath/-/upath-2.0.1.tgz",
      "integrity": "sha512-1uEe95xksV1O0CYKXo8vQvN1JEbtJp7lb7C5U9HMsIp6IVwntkH/oNUzyVNQSd4S1sYk2FpSSW44FqMc8qee5w=="
    },
    "urlpattern-polyfill": {
      "version": "4.0.3",
      "resolved": "https://registry.npmjs.org/urlpattern-polyfill/-/urlpattern-polyfill-4.0.3.tgz",
      "integrity": "sha512-DOE84vZT2fEcl9gqCUTcnAw5ZY5Id55ikUcziSUntuEFL3pRvavg5kwDmTEUJkeCHInTlV/HexFomgYnzO5kdQ=="
    }
  }
}
