{
  "name": "iridium",
  "version": "1.0.0",
  "lockfileVersion": 2,
  "requires": true,
  "packages": {
    "": {
      "name": "iridium",
      "version": "1.0.0",
      "license": "ISC",
      "dependencies": {
        "skeljs": "file:libs/skeljs"
      }
    },
    "libs/skeljs": {
      "version": "3.0.2",
      "license": "MIT"
    },
    "node_modules/skeljs": {
      "resolved": "libs/skeljs",
      "link": true
    }
  },
  "dependencies": {
    "skeljs": {
      "version": "file:libs/skeljs"
    }
  }
}
