{
  "name": "gitmodules",
  "version": "1.0.0",
  "lockfileVersion": 2,
  "requires": true,
  "packages": {
    "": {
      "name": "gitmodules",
      "version": "1.0.0",
      "license": "MIT",
      "dependencies": {
        "ini": "^3.0.0"
      },
      "devDependencies": {
        "@types/ini": "^1.3.31"
      }
    },
    "node_modules/@types/ini": {
      "version": "1.3.31",
      "resolved": "https://registry.npmjs.org/@types/ini/-/ini-1.3.31.tgz",
      "integrity": "sha512-8ecxxaG4AlVEM1k9+BsziMw8UsX0qy3jYI1ad/71RrDZ+rdL6aZB0wLfAuflQiDhkD5o4yJ0uPK3OSUic3fG0w==",
      "dev": true
    },
    "node_modules/ini": {
      "version": "3.0.0",
      "resolved": "https://registry.npmjs.org/ini/-/ini-3.0.0.tgz",
      "integrity": "sha512-TxYQaeNW/N8ymDvwAxPyRbhMBtnEwuvaTYpOQkFx1nSeusgezHniEc/l35Vo4iCq/mMiTJbpD7oYxN98hFlfmw==",
      "engines": {
        "node": "^12.13.0 || ^14.15.0 || >=16.0.0"
      }
    }
  },
  "dependencies": {
    "@types/ini": {
      "version": "1.3.31",
      "resolved": "https://registry.npmjs.org/@types/ini/-/ini-1.3.31.tgz",
      "integrity": "sha512-8ecxxaG4AlVEM1k9+BsziMw8UsX0qy3jYI1ad/71RrDZ+rdL6aZB0wLfAuflQiDhkD5o4yJ0uPK3OSUic3fG0w==",
      "dev": true
    },
    "ini": {
      "version": "3.0.0",
      "resolved": "https://registry.npmjs.org/ini/-/ini-3.0.0.tgz",
      "integrity": "sha512-TxYQaeNW/N8ymDvwAxPyRbhMBtnEwuvaTYpOQkFx1nSeusgezHniEc/l35Vo4iCq/mMiTJbpD7oYxN98hFlfmw=="
    }
  }
}
