# THIS IS AN AUTOGENERATED FILE. DO NOT EDIT THIS FILE DIRECTLY.
# yarn lockfile v1


"sbg-theme-bootstrap@file:./bootstrap":
  version "1.0.0"

"sbg-theme-iridium@file:./iridium":
  version "1.0.0"
  dependencies:
    skeljs "file:../../../../../../home/dimaslanjaka/.cache/yarn/v6/npm-sbg-theme-iridium-1.0.0-7598e8de-5159-430a-846e-04d509445803-1653410198279/node_modules/sbg-theme-iridium/libs/skeljs"

"skeljs@file:iridium/libs/skeljs":
  version "3.0.2"
